
Microsoft Visual Studio Solution File, Format Version 12.00
# Visual Studio Version 16
VisualStudioVersion = 16.0.30907.101
MinimumVisualStudioVersion = 10.0.40219.1
Project("{9A19103F-16F7-4668-BE54-9A1E7A4F7556}") = "UdemyNLayerProject.API", "UdemyNLayerProject.API\UdemyNLayerProject.API.csproj", "{0EC2EE15-9A13-48BC-A24B-58C07777706A}"
EndProject
Project("{FAE04EC0-301F-11D3-BF4B-00C04F79EFBC}") = "UdemyNLayerProject.Core", "UdemyNLayerProject.Core\UdemyNLayerProject.Core.csproj", "{1E2DC293-6330-4EE5-8F83-9C6F4C5AF78A}"
EndProject
Project("{FAE04EC0-301F-11D3-BF4B-00C04F79EFBC}") = "UdemyNLayerProject.Data", "UdemyNLayerProject.Data\UdemyNLayerProject.Data.csproj", "{A4014101-939F-4F06-AD4E-BA6106AF8B67}"
EndProject
Project("{FAE04EC0-301F-11D3-BF4B-00C04F79EFBC}") = "UdemyNLayerProject.Service", "UdemyNLayerProject.Service\UdemyNLayerProject.Service.csproj", "{0EAF2556-D6A8-4AE2-9805-2F00036EC26E}"
EndProject
Global
	GlobalSection(SolutionConfigurationPlatforms) = preSolution
		Debug|Any CPU = Debug|Any CPU
		Release|Any CPU = Release|Any CPU
	EndGlobalSection
	GlobalSection(ProjectConfigurationPlatforms) = postSolution
		{0EC2EE15-9A13-48BC-A24B-58C07777706A}.Debug|Any CPU.ActiveCfg = Debug|Any CPU
		{0EC2EE15-9A13-48BC-A24B-58C07777706A}.Debug|Any CPU.Build.0 = Debug|Any CPU
		{0EC2EE15-9A13-48BC-A24B-58C07777706A}.Release|Any CPU.ActiveCfg = Release|Any CPU
		{0EC2EE15-9A13-48BC-A24B-58C07777706A}.Release|Any CPU.Build.0 = Release|Any CPU
		{1E2DC293-6330-4EE5-8F83-9C6F4C5AF78A}.Debug|Any CPU.ActiveCfg = Debug|Any CPU
		{1E2DC293-6330-4EE5-8F83-9C6F4C5AF78A}.Debug|Any CPU.Build.0 = Debug|Any CPU
		{1E2DC293-6330-4EE5-8F83-9C6F4C5AF78A}.Release|Any CPU.ActiveCfg = Release|Any CPU
		{1E2DC293-6330-4EE5-8F83-9C6F4C5AF78A}.Release|Any CPU.Build.0 = Release|Any CPU
		{A4014101-939F-4F06-AD4E-BA6106AF8B67}.Debug|Any CPU.ActiveCfg = Debug|Any CPU
		{A4014101-939F-4F06-AD4E-BA6106AF8B67}.Debug|Any CPU.Build.0 = Debug|Any CPU
		{A4014101-939F-4F06-AD4E-BA6106AF8B67}.Release|Any CPU.ActiveCfg = Release|Any CPU
		{A4014101-939F-4F06-AD4E-BA6106AF8B67}.Release|Any CPU.Build.0 = Release|Any CPU
		{0EAF2556-D6A8-4AE2-9805-2F00036EC26E}.Debug|Any CPU.ActiveCfg = Debug|Any CPU
		{0EAF2556-D6A8-4AE2-9805-2F00036EC26E}.Debug|Any CPU.Build.0 = Debug|Any CPU
		{0EAF2556-D6A8-4AE2-9805-2F00036EC26E}.Release|Any CPU.ActiveCfg = Release|Any CPU
		{0EAF2556-D6A8-4AE2-9805-2F00036EC26E}.Release|Any CPU.Build.0 = Release|Any CPU
	EndGlobalSection
	GlobalSection(SolutionProperties) = preSolution
		HideSolutionNode = FALSE
	EndGlobalSection
	GlobalSection(ExtensibilityGlobals) = postSolution
		SolutionGuid = {155334F0-9FBD-4C66-95DE-9580F15C807B}
	EndGlobalSection
EndGlobal
